// !$*UTF8*$!
{
	archiveVersion = 1;
	classes = {
	};
	objectVersion = 50;
	objects = {

/* Begin PBXBuildFile section */
		3D8E70A923CD1D5400489EC9 /* AppDelegate.swift in Sources */ = {isa = PBXBuildFile; fileRef = 3D8E70A823CD1D5400489EC9 /* AppDelegate.swift */; };
		3D8E70AB23CD1D5400489EC9 /* SceneDelegate.swift in Sources */ = {isa = PBXBuildFile; fileRef = 3D8E70AA23CD1D5400489EC9 /* SceneDelegate.swift */; };
		3D8E70AD23CD1D5400489EC9 /* ViewController.swift in Sources */ = {isa = PBXBuildFile; fileRef = 3D8E70AC23CD1D5400489EC9 /* ViewController.swift */; };
		3D8E70B023CD1D5400489EC9 /* Main.storyboard in Resources */ = {isa = PBXBuildFile; fileRef = 3D8E70AE23CD1D5400489EC9 /* Main.storyboard */; };
		3D8E70B223CD1D5B00489EC9 /* Assets.xcassets in Resources */ = {isa = PBXBuildFile; fileRef = 3D8E70B123CD1D5B00489EC9 /* Assets.xcassets */; };
		3D8E70B523CD1D5B00489EC9 /* LaunchScreen.storyboard in Resources */ = {isa = PBXBuildFile; fileRef = 3D8E70B323CD1D5B00489EC9 /* LaunchScreen.storyboard */; };
		3D8E70C023CD1D5C00489EC9 /* SimpleTimerTests.swift in Sources */ = {isa = PBXBuildFile; fileRef = 3D8E70BF23CD1D5C00489EC9 /* SimpleTimerTests.swift */; };
		3D8E70CB23CD1D5C00489EC9 /* SimpleTimerUITests.swift in Sources */ = {isa = PBXBuildFile; fileRef = 3D8E70CA23CD1D5C00489EC9 /* SimpleTimerUITests.swift */; };
/* End PBXBuildFile section */

/* Begin PBXContainerItemProxy section */
		3D8E70BC23CD1D5C00489EC9 /* PBXContainerItemProxy */ = {
			isa = PBXContainerItemProxy;
			containerPortal = 3D8E709D23CD1D5300489EC9 /* Project object */;
			proxyType = 1;
			remoteGlobalIDString = 3D8E70A423CD1D5300489EC9;
			remoteInfo = SimpleTimer;
		};
		3D8E70C723CD1D5C00489EC9 /* PBXContainerItemProxy */ = {
			isa = PBXContainerItemProxy;
			containerPortal = 3D8E709D23CD1D5300489EC9 /* Project object */;
			proxyType = 1;
			remoteGlobalIDString = 3D8E70A423CD1D5300489EC9;
			remoteInfo = SimpleTimer;
		};
/* End PBXContainerItemProxy section */

/* Begin PBXFileReference section */
		3D8E70A523CD1D5300489EC9 /* SimpleTimer.app */ = {isa = PBXFileReference; explicitFileType = wrapper.application; includeInIndex = 0; path = SimpleTimer.app; sourceTree = BUILT_PRODUCTS_DIR; };
		3D8E70A823CD1D5400489EC9 /* AppDelegate.swift */ = {isa = PBXFileReference; lastKnownFileType = sourcecode.swift; path = AppDelegate.swift; sourceTree = "<group>"; };
		3D8E70AA23CD1D5400489EC9 /* SceneDelegate.swift */ = {isa = PBXFileReference; lastKnownFileType = sourcecode.swift; path = SceneDelegate.swift; sourceTree = "<group>"; };
		3D8E70AC23CD1D5400489EC9 /* ViewController.swift */ = {isa = PBXFileReference; lastKnownFileType = sourcecode.swift; path = ViewController.swift; sourceTree = "<group>"; };
		3D8E70AF23CD1D5400489EC9 /* Base */ = {isa = PBXFileReference; lastKnownFileType = file.storyboard; name = Base; path = Base.lproj/Main.storyboard; sourceTree = "<group>"; };
		3D8E70B123CD1D5B00489EC9 /* Assets.xcassets */ = {isa = PBXFileReference; lastKnownFileType = folder.assetcatalog; path = Assets.xcassets; sourceTree = "<group>"; };
		3D8E70B423CD1D5B00489EC9 /* Base */ = {isa = PBXFileReference; lastKnownFileType = file.storyboard; name = Base; path = Base.lproj/LaunchScreen.storyboard; sourceTree = "<group>"; };
		3D8E70B623CD1D5B00489EC9 /* Info.plist */ = {isa = PBXFileReference; lastKnownFileType = text.plist.xml; path = Info.plist; sourceTree = "<group>"; };
		3D8E70BB23CD1D5C00489EC9 /* SimpleTimerTests.xctest */ = {isa = PBXFileReference; explicitFileType = wrapper.cfbundle; includeInIndex = 0; path = SimpleTimerTests.xctest; sourceTree = BUILT_PRODUCTS_DIR; };
		3D8E70BF23CD1D5C00489EC9 /* SimpleTimerTests.swift */ = {isa = PBXFileReference; lastKnownFileType = sourcecode.swift; path = SimpleTimerTests.swift; sourceTree = "<group>"; };
		3D8E70C123CD1D5C00489EC9 /* Info.plist */ = {isa = PBXFileReference; lastKnownFileType = text.plist.xml; path = Info.plist; sourceTree = "<group>"; };
		3D8E70C623CD1D5C00489EC9 /* SimpleTimerUITests.xctest */ = {isa = PBXFileReference; explicitFileType = wrapper.cfbundle; includeInIndex = 0; path = SimpleTimerUITests.xctest; sourceTree = BUILT_PRODUCTS_DIR; };
		3D8E70CA23CD1D5C00489EC9 /* SimpleTimerUITests.swift */ = {isa = PBXFileReference; lastKnownFileType = sourcecode.swift; path = SimpleTimerUITests.swift; sourceTree = "<group>"; };
		3D8E70CC23CD1D5C00489EC9 /* Info.plist */ = {isa = PBXFileReference; lastKnownFileType = text.plist.xml; path = Info.plist; sourceTree = "<group>"; };
/* End PBXFileReference section */

/* Begin PBXFrameworksBuildPhase section */
		3D8E70A223CD1D5300489EC9 /* Frameworks */ = {
			isa = PBXFrameworksBuildPhase;
			buildActionMask = 2147483647;
			files = (
			);
			runOnlyForDeploymentPostprocessing = 0;
		};
		3D8E70B823CD1D5C00489EC9 /* Frameworks */ = {
			isa = PBXFrameworksBuildPhase;
			buildActionMask = 2147483647;
			files = (
			);
			runOnlyForDeploymentPostprocessing = 0;
		};
		3D8E70C323CD1D5C00489EC9 /* Frameworks */ = {
			isa = PBXFrameworksBuildPhase;
			buildActionMask = 2147483647;
			files = (
			);
			runOnlyForDeploymentPostprocessing = 0;
		};
/* End PBXFrameworksBuildPhase section */

/* Begin PBXGroup section */
		3D8E709C23CD1D5300489EC9 = {
			isa = PBXGroup;
			children = (
				3D8E70A723CD1D5300489EC9 /* SimpleTimer */,
				3D8E70BE23CD1D5C00489EC9 /* SimpleTimerTests */,
				3D8E70C923CD1D5C00489EC9 /* SimpleTimerUITests */,
				3D8E70A623CD1D5300489EC9 /* Products */,
			);
			sourceTree = "<group>";
		};
		3D8E70A623CD1D5300489EC9 /* Products */ = {
			isa = PBXGroup;
			children = (
				3D8E70A523CD1D5300489EC9 /* SimpleTimer.app */,
				3D8E70BB23CD1D5C00489EC9 /* SimpleTimerTests.xctest */,
				3D8E70C623CD1D5C00489EC9 /* SimpleTimerUITests.xctest */,
			);
			name = Products;
			sourceTree = "<group>";
		};
		3D8E70A723CD1D5300489EC9 /* SimpleTimer */ = {
			isa = PBXGroup;
			children = (
				3D8E70A823CD1D5400489EC9 /* AppDelegate.swift */,
				3D8E70AA23CD1D5400489EC9 /* SceneDelegate.swift */,
				3D8E70AC23CD1D5400489EC9 /* ViewController.swift */,
				3D8E70AE23CD1D5400489EC9 /* Main.storyboard */,
				3D8E70B123CD1D5B00489EC9 /* Assets.xcassets */,
				3D8E70B323CD1D5B00489EC9 /* LaunchScreen.storyboard */,
				3D8E70B623CD1D5B00489EC9 /* Info.plist */,
			);
			path = SimpleTimer;
			sourceTree = "<group>";
		};
		3D8E70BE23CD1D5C00489EC9 /* SimpleTimerTests */ = {
			isa = PBXGroup;
			children = (
				3D8E70BF23CD1D5C00489EC9 /* SimpleTimerTests.swift */,
				3D8E70C123CD1D5C00489EC9 /* Info.plist */,
			);
			path = SimpleTimerTests;
			sourceTree = "<group>";
		};
		3D8E70C923CD1D5C00489EC9 /* SimpleTimerUITests */ = {
			isa = PBXGroup;
			children = (
				3D8E70CA23CD1D5C00489EC9 /* SimpleTimerUITests.swift */,
				3D8E70CC23CD1D5C00489EC9 /* Info.plist */,
			);
			path = SimpleTimerUITests;
			sourceTree = "<group>";
		};
/* End PBXGroup section */

/* Begin PBXNativeTarget section */
		3D8E70A423CD1D5300489EC9 /* SimpleTimer */ = {
			isa = PBXNativeTarget;
			buildConfigurationList = 3D8E70CF23CD1D5C00489EC9 /* Build configuration list for PBXNativeTarget "SimpleTimer" */;
			buildPhases = (
				3D8E70A123CD1D5300489EC9 /* Sources */,
				3D8E70A223CD1D5300489EC9 /* Frameworks */,
				3D8E70A323CD1D5300489EC9 /* Resources */,
			);
			buildRules = (
			);
			dependencies = (
			);
			name = SimpleTimer;
			productName = SimpleTimer;
			productReference = 3D8E70A523CD1D5300489EC9 /* SimpleTimer.app */;
			productType = "com.apple.product-type.application";
		};
		3D8E70BA23CD1D5C00489EC9 /* SimpleTimerTests */ = {
			isa = PBXNativeTarget;
			buildConfigurationList = 3D8E70D223CD1D5C00489EC9 /* Build configuration list for PBXNativeTarget "SimpleTimerTests" */;
			buildPhases = (
				3D8E70B723CD1D5C00489EC9 /* Sources */,
				3D8E70B823CD1D5C00489EC9 /* Frameworks */,
				3D8E70B923CD1D5C00489EC9 /* Resources */,
			);
			buildRules = (
			);
			dependencies = (
				3D8E70BD23CD1D5C00489EC9 /* PBXTargetDependency */,
			);
			name = SimpleTimerTests;
			productName = SimpleTimerTests;
			productReference = 3D8E70BB23CD1D5C00489EC9 /* SimpleTimerTests.xctest */;
			productType = "com.apple.product-type.bundle.unit-test";
		};
		3D8E70C523CD1D5C00489EC9 /* SimpleTimerUITests */ = {
			isa = PBXNativeTarget;
			buildConfigurationList = 3D8E70D523CD1D5C00489EC9 /* Build configuration list for PBXNativeTarget "SimpleTimerUITests" */;
			buildPhases = (
				3D8E70C223CD1D5C00489EC9 /* Sources */,
				3D8E70C323CD1D5C00489EC9 /* Frameworks */,
				3D8E70C423CD1D5C00489EC9 /* Resources */,
			);
			buildRules = (
			);
			dependencies = (
				3D8E70C823CD1D5C00489EC9 /* PBXTargetDependency */,
			);
			name = SimpleTimerUITests;
			productName = SimpleTimerUITests;
			productReference = 3D8E70C623CD1D5C00489EC9 /* SimpleTimerUITests.xctest */;
			productType = "com.apple.product-type.bundle.ui-testing";
		};
/* End PBXNativeTarget section */

/* Begin PBXProject section */
		3D8E709D23CD1D5300489EC9 /* Project object */ = {
			isa = PBXProject;
			attributes = {
				LastSwiftUpdateCheck = 1110;
				LastUpgradeCheck = 1110;
				ORGANIZATIONNAME = "zaki kasem";
				TargetAttributes = {
					3D8E70A423CD1D5300489EC9 = {
						CreatedOnToolsVersion = 11.1;
					};
					3D8E70BA23CD1D5C00489EC9 = {
						CreatedOnToolsVersion = 11.1;
						TestTargetID = 3D8E70A423CD1D5300489EC9;
					};
					3D8E70C523CD1D5C00489EC9 = {
						CreatedOnToolsVersion = 11.1;
						TestTargetID = 3D8E70A423CD1D5300489EC9;
					};
				};
			};
			buildConfigurationList = 3D8E70A023CD1D5300489EC9 /* Build configuration list for PBXProject "SimpleTimer" */;
			compatibilityVersion = "Xcode 9.3";
			developmentRegion = en;
			hasScannedForEncodings = 0;
			knownRegions = (
				en,
				Base,
			);
			mainGroup = 3D8E709C23CD1D5300489EC9;
			productRefGroup = 3D8E70A623CD1D5300489EC9 /* Products */;
			projectDirPath = "";
			projectRoot = "";
			targets = (
				3D8E70A423CD1D5300489EC9 /* SimpleTimer */,
				3D8E70BA23CD1D5C00489EC9 /* SimpleTimerTests */,
				3D8E70C523CD1D5C00489EC9 /* SimpleTimerUITests */,
			);
		};
/* End PBXProject section */

/* Begin PBXResourcesBuildPhase section */
		3D8E70A323CD1D5300489EC9 /* Resources */ = {
			isa = PBXResourcesBuildPhase;
			buildActionMask = 2147483647;
			files = (
				3D8E70B523CD1D5B00489EC9 /* LaunchScreen.storyboard in Resources */,
				3D8E70B223CD1D5B00489EC9 /* Assets.xcassets in Resources */,
				3D8E70B023CD1D5400489EC9 /* Main.storyboard in Resources */,
			);
			runOnlyForDeploymentPostprocessing = 0;
		};
		3D8E70B923CD1D5C00489EC9 /* Resources */ = {
			isa = PBXResourcesBuildPhase;
			buildActionMask = 2147483647;
			files = (
			);
			runOnlyForDeploymentPostprocessing = 0;
		};
		3D8E70C423CD1D5C00489EC9 /* Resources */ = {
			isa = PBXResourcesBuildPhase;
			buildActionMask = 2147483647;
			files = (
			);
			runOnlyForDeploymentPostprocessing = 0;
		};
/* End PBXResourcesBuildPhase section */

/* Begin PBXSourcesBuildPhase section */
		3D8E70A123CD1D5300489EC9 /* Sources */ = {
			isa = PBXSourcesBuildPhase;
			buildActionMask = 2147483647;
			files = (
				3D8E70AD23CD1D5400489EC9 /* ViewController.swift in Sources */,
				3D8E70A923CD1D5400489EC9 /* AppDelegate.swift in Sources */,
				3D8E70AB23CD1D5400489EC9 /* SceneDelegate.swift in Sources */,
			);
			runOnlyForDeploymentPostprocessing = 0;
		};
		3D8E70B723CD1D5C00489EC9 /* Sources */ = {
			isa = PBXSourcesBuildPhase;
			buildActionMask = 2147483647;
			files = (
				3D8E70C023CD1D5C00489EC9 /* SimpleTimerTests.swift in Sources */,
			);
			runOnlyForDeploymentPostprocessing = 0;
		};
		3D8E70C223CD1D5C00489EC9 /* Sources */ = {
			isa = PBXSourcesBuildPhase;
			buildActionMask = 2147483647;
			files = (
				3D8E70CB23CD1D5C00489EC9 /* SimpleTimerUITests.swift in Sources */,
			);
			runOnlyForDeploymentPostprocessing = 0;
		};
/* End PBXSourcesBuildPhase section */

/* Begin PBXTargetDependency section */
		3D8E70BD23CD1D5C00489EC9 /* PBXTargetDependency */ = {
			isa = PBXTargetDependency;
			target = 3D8E70A423CD1D5300489EC9 /* SimpleTimer */;
			targetProxy = 3D8E70BC23CD1D5C00489EC9 /* PBXContainerItemProxy */;
		};
		3D8E70C823CD1D5C00489EC9 /* PBXTargetDependency */ = {
			isa = PBXTargetDependency;
			target = 3D8E70A423CD1D5300489EC9 /* SimpleTimer */;
			targetProxy = 3D8E70C723CD1D5C00489EC9 /* PBXContainerItemProxy */;
		};
/* End PBXTargetDependency section */

/* Begin PBXVariantGroup section */
		3D8E70AE23CD1D5400489EC9 /* Main.storyboard */ = {
			isa = PBXVariantGroup;
			children = (
				3D8E70AF23CD1D5400489EC9 /* Base */,
			);
			name = Main.storyboard;
			sourceTree = "<group>";
		};
		3D8E70B323CD1D5B00489EC9 /* LaunchScreen.storyboard */ = {
			isa = PBXVariantGroup;
			children = (
				3D8E70B423CD1D5B00489EC9 /* Base */,
			);
			name = LaunchScreen.storyboard;
			sourceTree = "<group>";
		};
/* End PBXVariantGroup section */

/* Begin XCBuildConfiguration section */
		3D8E70CD23CD1D5C00489EC9 /* Debug */ = {
			isa = XCBuildConfiguration;
			buildSettings = {
				ALWAYS_SEARCH_USER_PATHS = NO;
				CLANG_ANALYZER_NONNULL = YES;
				CLANG_ANALYZER_NUMBER_OBJECT_CONVERSION = YES_AGGRESSIVE;
				CLANG_CXX_LANGUAGE_STANDARD = "gnu++14";
				CLANG_CXX_LIBRARY = "libc++";
				CLANG_ENABLE_MODULES = YES;
				CLANG_ENABLE_OBJC_ARC = YES;
				CLANG_ENABLE_OBJC_WEAK = YES;
				CLANG_WARN_BLOCK_CAPTURE_AUTORELEASING = YES;
				CLANG_WARN_BOOL_CONVERSION = YES;
				CLANG_WARN_COMMA = YES;
				CLANG_WARN_CONSTANT_CONVERSION = YES;
				CLANG_WARN_DEPRECATED_OBJC_IMPLEMENTATIONS = YES;
				CLANG_WARN_DIRECT_OBJC_ISA_USAGE = YES_ERROR;
				CLANG_WARN_DOCUMENTATION_COMMENTS = YES;
				CLANG_WARN_EMPTY_BODY = YES;
				CLANG_WARN_ENUM_CONVERSION = YES;
				CLANG_WARN_INFINITE_RECURSION = YES;
				CLANG_WARN_INT_CONVERSION = YES;
				CLANG_WARN_NON_LITERAL_NULL_CONVERSION = YES;
				CLANG_WARN_OBJC_IMPLICIT_RETAIN_SELF = YES;
				CLANG_WARN_OBJC_LITERAL_CONVERSION = YES;
				CLANG_WARN_OBJC_ROOT_CLASS = YES_ERROR;
				CLANG_WARN_RANGE_LOOP_ANALYSIS = YES;
				CLANG_WARN_STRICT_PROTOTYPES = YES;
				CLANG_WARN_SUSPICIOUS_MOVE = YES;
				CLANG_WARN_UNGUARDED_AVAILABILITY = YES_AGGRESSIVE;
				CLANG_WARN_UNREACHABLE_CODE = YES;
				CLANG_WARN__DUPLICATE_METHOD_MATCH = YES;
				COPY_PHASE_STRIP = NO;
				DEBUG_INFORMATION_FORMAT = dwarf;
				ENABLE_STRICT_OBJC_MSGSEND = YES;
				ENABLE_TESTABILITY = YES;
				GCC_C_LANGUAGE_STANDARD = gnu11;
				GCC_DYNAMIC_NO_PIC = NO;
				GCC_NO_COMMON_BLOCKS = YES;
				GCC_OPTIMIZATION_LEVEL = 0;
				GCC_PREPROCESSOR_DEFINITIONS = (
					"DEBUG=1",
					"$(inherited)",
				);
				GCC_WARN_64_TO_32_BIT_CONVERSION = YES;
				GCC_WARN_ABOUT_RETURN_TYPE = YES_ERROR;
				GCC_WARN_UNDECLARED_SELECTOR = YES;
				GCC_WARN_UNINITIALIZED_AUTOS = YES_AGGRESSIVE;
				GCC_WARN_UNUSED_FUNCTION = YES;
				GCC_WARN_UNUSED_VARIABLE = YES;
				IPHONEOS_DEPLOYMENT_TARGET = 13.1;
				MTL_ENABLE_DEBUG_INFO = INCLUDE_SOURCE;
				MTL_FAST_MATH = YES;
				ONLY_ACTIVE_ARCH = YES;
				SDKROOT = iphoneos;
				SWIFT_ACTIVE_COMPILATION_CONDITIONS = DEBUG;
				SWIFT_OPTIMIZATION_LEVEL = "-Onone";
			};
			name = Debug;
		};
		3D8E70CE23CD1D5C00489EC9 /* Release */ = {
			isa = XCBuildConfiguration;
			buildSettings = {
				ALWAYS_SEARCH_USER_PATHS = NO;
				CLANG_ANALYZER_NONNULL = YES;
				CLANG_ANALYZER_NUMBER_OBJECT_CONVERSION = YES_AGGRESSIVE;
				CLANG_CXX_LANGUAGE_STANDARD = "gnu++14";
				CLANG_CXX_LIBRARY = "libc++";
				CLANG_ENABLE_MODULES = YES;
				CLANG_ENABLE_OBJC_ARC = YES;
				CLANG_ENABLE_OBJC_WEAK = YES;
				CLANG_WARN_BLOCK_CAPTURE_AUTORELEASING = YES;
				CLANG_WARN_BOOL_CONVERSION = YES;
				CLANG_WARN_COMMA = YES;
				CLANG_WARN_CONSTANT_CONVERSION = YES;
				CLANG_WARN_DEPRECATED_OBJC_IMPLEMENTATIONS = YES;
				CLANG_WARN_DIRECT_OBJC_ISA_USAGE = YES_ERROR;
				CLANG_WARN_DOCUMENTATION_COMMENTS = YES;
				CLANG_WARN_EMPTY_BODY = YES;
				CLANG_WARN_ENUM_CONVERSION = YES;
				CLANG_WARN_INFINITE_RECURSION = YES;
				CLANG_WARN_INT_CONVERSION = YES;
				CLANG_WARN_NON_LITERAL_NULL_CONVERSION = YES;
				CLANG_WARN_OBJC_IMPLICIT_RETAIN_SELF = YES;
				CLANG_WARN_OBJC_LITERAL_CONVERSION = YES;
				CLANG_WARN_OBJC_ROOT_CLASS = YES_ERROR;
				CLANG_WARN_RANGE_LOOP_ANALYSIS = YES;
				CLANG_WARN_STRICT_PROTOTYPES = YES;
				CLANG_WARN_SUSPICIOUS_MOVE = YES;
				CLANG_WARN_UNGUARDED_AVAILABILITY = YES_AGGRESSIVE;
				CLANG_WARN_UNREACHABLE_CODE = YES;
				CLANG_WARN__DUPLICATE_METHOD_MATCH = YES;
				COPY_PHASE_STRIP = NO;
				DEBUG_INFORMATION_FORMAT = "dwarf-with-dsym";
				ENABLE_NS_ASSERTIONS = NO;
				ENABLE_STRICT_OBJC_MSGSEND = YES;
				GCC_C_LANGUAGE_STANDARD = gnu11;
				GCC_NO_COMMON_BLOCKS = YES;
				GCC_WARN_64_TO_32_BIT_CONVERSION = YES;
				GCC_WARN_ABOUT_RETURN_TYPE = YES_ERROR;
				GCC_WARN_UNDECLARED_SELECTOR = YES;
				GCC_WARN_UNINITIALIZED_AUTOS = YES_AGGRESSIVE;
				GCC_WARN_UNUSED_FUNCTION = YES;
				GCC_WARN_UNUSED_VARIABLE = YES;
				IPHONEOS_DEPLOYMENT_TARGET = 13.1;
				MTL_ENABLE_DEBUG_INFO = NO;
				MTL_FAST_MATH = YES;
				SDKROOT = iphoneos;
				SWIFT_COMPILATION_MODE = wholemodule;
				SWIFT_OPTIMIZATION_LEVEL = "-O";
				VALIDATE_PRODUCT = YES;
			};
			name = Release;
		};
		3D8E70D023CD1D5C00489EC9 /* Debug */ = {
			isa = XCBuildConfiguration;
			buildSettings = {
				ASSETCATALOG_COMPILER_APPICON_NAME = AppIcon;
				CODE_SIGN_STYLE = Automatic;
				INFOPLIST_FILE = SimpleTimer/Info.plist;
				LD_RUNPATH_SEARCH_PATHS = (
					"$(inherited)",
					"@executable_path/Frameworks",
				);
				PRODUCT_BUNDLE_IDENTIFIER = za.SimpleTimer;
				PRODUCT_NAME = "$(TARGET_NAME)";
				SWIFT_VERSION = 5.0;
				TARGETED_DEVICE_FAMILY = "1,2";
			};
			name = Debug;
		};
		3D8E70D123CD1D5C00489EC9 /* Release */ = {
			isa = XCBuildConfiguration;
			buildSettings = {
				ASSETCATALOG_COMPILER_APPICON_NAME = AppIcon;
				CODE_SIGN_STYLE = Automatic;
				INFOPLIST_FILE = SimpleTimer/Info.plist;
				LD_RUNPATH_SEARCH_PATHS = (
					"$(inherited)",
					"@executable_path/Frameworks",
				);
				PRODUCT_BUNDLE_IDENTIFIER = za.SimpleTimer;
				PRODUCT_NAME = "$(TARGET_NAME)";
				SWIFT_VERSION = 5.0;
				TARGETED_DEVICE_FAMILY = "1,2";
			};
			name = Release;
		};
		3D8E70D323CD1D5C00489EC9 /* Debug */ = {
			isa = XCBuildConfiguration;
			buildSettings = {
				ALWAYS_EMBED_SWIFT_STANDARD_LIBRARIES = YES;
				BUNDLE_LOADER = "$(TEST_HOST)";
				CODE_SIGN_STYLE = Automatic;
				INFOPLIST_FILE = SimpleTimerTests/Info.plist;
				IPHONEOS_DEPLOYMENT_TARGET = 13.1;
				LD_RUNPATH_SEARCH_PATHS = (
					"$(inherited)",
					"@executable_path/Frameworks",
					"@loader_path/Frameworks",
				);
				PRODUCT_BUNDLE_IDENTIFIER = za.SimpleTimerTests;
				PRODUCT_NAME = "$(TARGET_NAME)";
				SWIFT_VERSION = 5.0;
				TARGETED_DEVICE_FAMILY = "1,2";
				TEST_HOST = "$(BUILT_PRODUCTS_DIR)/SimpleTimer.app/SimpleTimer";
			};
			name = Debug;
		};
		3D8E70D423CD1D5C00489EC9 /* Release */ = {
			isa = XCBuildConfiguration;
			buildSettings = {
				ALWAYS_EMBED_SWIFT_STANDARD_LIBRARIES = YES;
				BUNDLE_LOADER = "$(TEST_HOST)";
				CODE_SIGN_STYLE = Automatic;
				INFOPLIST_FILE = SimpleTimerTests/Info.plist;
				IPHONEOS_DEPLOYMENT_TARGET = 13.1;
				LD_RUNPATH_SEARCH_PATHS = (
					"$(inherited)",
					"@executable_path/Frameworks",
					"@loader_path/Frameworks",
				);
				PRODUCT_BUNDLE_IDENTIFIER = za.SimpleTimerTests;
				PRODUCT_NAME = "$(TARGET_NAME)";
				SWIFT_VERSION = 5.0;
				TARGETED_DEVICE_FAMILY = "1,2";
				TEST_HOST = "$(BUILT_PRODUCTS_DIR)/SimpleTimer.app/SimpleTimer";
			};
			name = Release;
		};
		3D8E70D623CD1D5C00489EC9 /* Debug */ = {
			isa = XCBuildConfiguration;
			buildSettings = {
				ALWAYS_EMBED_SWIFT_STANDARD_LIBRARIES = YES;
				CODE_SIGN_STYLE = Automatic;
				INFOPLIST_FILE = SimpleTimerUITests/Info.plist;
				LD_RUNPATH_SEARCH_PATHS = (
					"$(inherited)",
					"@executable_path/Frameworks",
					"@loader_path/Frameworks",
				);
				PRODUCT_BUNDLE_IDENTIFIER = za.SimpleTimerUITests;
				PRODUCT_NAME = "$(TARGET_NAME)";
				SWIFT_VERSION = 5.0;
				TARGETED_DEVICE_FAMILY = "1,2";
				TEST_TARGET_NAME = SimpleTimer;
			};
			name = Debug;
		};
		3D8E70D723CD1D5C00489EC9 /* Release */ = {
			isa = XCBuildConfiguration;
			buildSettings = {
				ALWAYS_EMBED_SWIFT_STANDARD_LIBRARIES = YES;
				CODE_SIGN_STYLE = Automatic;
				INFOPLIST_FILE = SimpleTimerUITests/Info.plist;
				LD_RUNPATH_SEARCH_PATHS = (
					"$(inherited)",
					"@executable_path/Frameworks",
					"@loader_path/Frameworks",
				);
				PRODUCT_BUNDLE_IDENTIFIER = za.SimpleTimerUITests;
				PRODUCT_NAME = "$(TARGET_NAME)";
				SWIFT_VERSION = 5.0;
				TARGETED_DEVICE_FAMILY = "1,2";
				TEST_TARGET_NAME = SimpleTimer;
			};
			name = Release;
		};
/* End XCBuildConfiguration section */

/* Begin XCConfigurationList section */
		3D8E70A023CD1D5300489EC9 /* Build configuration list for PBXProject "SimpleTimer" */ = {
			isa = XCConfigurationList;
			buildConfigurations = (
				3D8E70CD23CD1D5C00489EC9 /* Debug */,
				3D8E70CE23CD1D5C00489EC9 /* Release */,
			);
			defaultConfigurationIsVisible = 0;
			defaultConfigurationName = Release;
		};
		3D8E70CF23CD1D5C00489EC9 /* Build configuration list for PBXNativeTarget "SimpleTimer" */ = {
			isa = XCConfigurationList;
			buildConfigurations = (
				3D8E70D023CD1D5C00489EC9 /* Debug */,
				3D8E70D123CD1D5C00489EC9 /* Release */,
			);
			defaultConfigurationIsVisible = 0;
			defaultConfigurationName = Release;
		};
		3D8E70D223CD1D5C00489EC9 /* Build configuration list for PBXNativeTarget "SimpleTimerTests" */ = {
			isa = XCConfigurationList;
			buildConfigurations = (
				3D8E70D323CD1D5C00489EC9 /* Debug */,
				3D8E70D423CD1D5C00489EC9 /* Release */,
			);
			defaultConfigurationIsVisible = 0;
			defaultConfigurationName = Release;
		};
		3D8E70D523CD1D5C00489EC9 /* Build configuration list for PBXNativeTarget "SimpleTimerUITests" */ = {
			isa = XCConfigurationList;
			buildConfigurations = (
				3D8E70D623CD1D5C00489EC9 /* Debug */,
				3D8E70D723CD1D5C00489EC9 /* Release */,
			);
			defaultConfigurationIsVisible = 0;
			defaultConfigurationName = Release;
		};
/* End XCConfigurationList section */
	};
	rootObject = 3D8E709D23CD1D5300489EC9 /* Project object */;
}
